PODS:
  - RxCocoa (5.0.1):
    - RxRelay (~> 5)
    - RxSwift (~> 5)
  - RxRelay (5.0.1):
    - RxSwift (~> 5)
  - RxSwift (5.0.1)
  - Sourcery (0.17.0)

DEPENDENCIES:
  - RxCocoa (~> 5)
  - RxSwift (~> 5)
  - Sourcery

SPEC REPOS:
  trunk:
    - RxCocoa
    - RxRelay
    - RxSwift
    - Sourcery

SPEC CHECKSUMS:
  RxCocoa: e741b9749968e8a143e2b787f1dfbff2b63d0a5c
  RxRelay: 89d54507f4fd4d969e6ec1d4bd7f3673640b4640
  RxSwift: e2dc62b366a3adf6a0be44ba9f405efd4c94e0c4
  Sourcery: 3ed61be7c8a1218fce349266139379dba477efe0

PODFILE CHECKSUM: c2989b45deadd470d38aa5752e0158a9f14d56ae

COCOAPODS: 1.8.4
